Microsoft Visual Studio Solution File, Format Version 12.00
# Visual Studio 15
VisualStudioVersion = 15.0.27703.2042
MinimumVisualStudioVersion = 10.0.40219.1
Project("{D954291E-2A0B-460D-934E-DC6B0785DB48}") = "OneMediPlan", "OneMediPlan\OneMediPlan.shproj", "{D2273915-319A-409A-B6DB-690833248839}"
EndProject
Project("{FAE04EC0-301F-11D3-BF4B-00C04F79EFBC}") = "OneMediPlan.iOS", "iOS\OneMediPlan.iOS.csproj", "{D808B6D4-AAA0-47B5-A985-A54CF6DF3DC5}"
EndProject
Project("{FAE04EC0-301F-11D3-BF4B-00C04F79EFBC}") = "OneMediPlan.Droid", "Droid\OneMediPlan.Droid.csproj", "{17493038-CEEF-4995-B64B-B98E53CF0A5A}"
EndProject
Project("{FAE04EC0-301F-11D3-BF4B-00C04F79EFBC}") = "OneMediPlan.Tests", "Tests\OneMediPlan.Tests.csproj", "{B6B331AE-B303-4C03-9CA4-75CBCB17A153}"
EndProject
Project("{FAE04EC0-301F-11D3-BF4B-00C04F79EFBC}") = "OneMediPlan.Domain", "OneMediPlan.Domain\OneMediPlan.Domain.csproj", "{1ED7B2E9-BFDD-4483-A3DD-4C4982805D84}"
EndProject
Project("{FAE04EC0-301F-11D3-BF4B-00C04F79EFBC}") = "OneMediPlan.Meta", "OneMediPlan.Meta\OneMediPlan.Meta.csproj", "{BDF078B5-1204-4DE2-903B-E84A36E18164}"
EndProject
Project("{FAE04EC0-301F-11D3-BF4B-00C04F79EFBC}") = "WoMoDiary.BackEnd", "..\WoMoDiary\WoMoDiary.BackEnd\WoMoDiary.BackEnd.csproj", "{2BB9691D-1913-4B42-8A71-5A4841142E9F}"
EndProject
Project("{FAE04EC0-301F-11D3-BF4B-00C04F79EFBC}") = "WoMoDiary.Domain", "..\WoMoDiary\WoMoDiary.Domain\WoMoDiary.Domain.csproj", "{EFDC83AB-6979-4247-AA0E-4898F8F29923}"
EndProject
Global
	GlobalSection(SharedMSBuildProjectFiles) = preSolution
		OneMediPlan\OneMediPlan.projitems*{17493038-ceef-4995-b64b-b98e53cf0a5a}*SharedItemsImports = 4
		OneMediPlan\OneMediPlan.projitems*{d2273915-319a-409a-b6db-690833248839}*SharedItemsImports = 13
		OneMediPlan\OneMediPlan.projitems*{d808b6d4-aaa0-47b5-a985-a54cf6df3dc5}*SharedItemsImports = 4
	EndGlobalSection
	GlobalSection(SolutionConfigurationPlatforms) = preSolution
		Debug|Any CPU = Debug|Any CPU
		Debug|iPhone = Debug|iPhone
		Debug|iPhoneSimulator = Debug|iPhoneSimulator
		Default|Any CPU = Default|Any CPU
		Default|iPhone = Default|iPhone
		Default|iPhoneSimulator = Default|iPhoneSimulator
		Release|Any CPU = Release|Any CPU
		Release|iPhone = Release|iPhone
		Release|iPhoneSimulator = Release|iPhoneSimulator
	EndGlobalSection
	GlobalSection(ProjectConfigurationPlatforms) = postSolution
		{D808B6D4-AAA0-47B5-A985-A54CF6DF3DC5}.Debug|Any CPU.ActiveCfg = Debug|iPhoneSimulator
		{D808B6D4-AAA0-47B5-A985-A54CF6DF3DC5}.Debug|Any CPU.Build.0 = Debug|iPhoneSimulator
		{D808B6D4-AAA0-47B5-A985-A54CF6DF3DC5}.Debug|iPhone.ActiveCfg = Debug|iPhone
		{D808B6D4-AAA0-47B5-A985-A54CF6DF3DC5}.Debug|iPhone.Build.0 = Debug|iPhone
		{D808B6D4-AAA0-47B5-A985-A54CF6DF3DC5}.Debug|iPhoneSimulator.ActiveCfg = Debug|iPhoneSimulator
		{D808B6D4-AAA0-47B5-A985-A54CF6DF3DC5}.Debug|iPhoneSimulator.Build.0 = Debug|iPhoneSimulator
		{D808B6D4-AAA0-47B5-A985-A54CF6DF3DC5}.Default|Any CPU.ActiveCfg = Debug|iPhoneSimulator
		{D808B6D4-AAA0-47B5-A985-A54CF6DF3DC5}.Default|Any CPU.Build.0 = Debug|iPhoneSimulator
		{D808B6D4-AAA0-47B5-A985-A54CF6DF3DC5}.Default|iPhone.ActiveCfg = Debug|iPhone
		{D808B6D4-AAA0-47B5-A985-A54CF6DF3DC5}.Default|iPhone.Build.0 = Debug|iPhone
		{D808B6D4-AAA0-47B5-A985-A54CF6DF3DC5}.Default|iPhoneSimulator.ActiveCfg = Debug|iPhoneSimulator
		{D808B6D4-AAA0-47B5-A985-A54CF6DF3DC5}.Default|iPhoneSimulator.Build.0 = Debug|iPhoneSimulator
		{D808B6D4-AAA0-47B5-A985-A54CF6DF3DC5}.Release|Any CPU.ActiveCfg = Release|iPhone
		{D808B6D4-AAA0-47B5-A985-A54CF6DF3DC5}.Release|Any CPU.Build.0 = Release|iPhone
		{D808B6D4-AAA0-47B5-A985-A54CF6DF3DC5}.Release|iPhone.ActiveCfg = Release|iPhone
		{D808B6D4-AAA0-47B5-A985-A54CF6DF3DC5}.Release|iPhone.Build.0 = Release|iPhone
		{D808B6D4-AAA0-47B5-A985-A54CF6DF3DC5}.Release|iPhoneSimulator.ActiveCfg = Release|iPhoneSimulator
		{D808B6D4-AAA0-47B5-A985-A54CF6DF3DC5}.Release|iPhoneSimulator.Build.0 = Release|iPhoneSimulator
		{17493038-CEEF-4995-B64B-B98E53CF0A5A}.Debug|Any CPU.ActiveCfg = Debug|Any CPU
		{17493038-CEEF-4995-B64B-B98E53CF0A5A}.Debug|Any CPU.Build.0 = Debug|Any CPU
		{17493038-CEEF-4995-B64B-B98E53CF0A5A}.Debug|iPhone.ActiveCfg = Debug|Any CPU
		{17493038-CEEF-4995-B64B-B98E53CF0A5A}.Debug|iPhone.Build.0 = Debug|Any CPU
		{17493038-CEEF-4995-B64B-B98E53CF0A5A}.Debug|iPhoneSimulator.ActiveCfg = Debug|Any CPU
		{17493038-CEEF-4995-B64B-B98E53CF0A5A}.Debug|iPhoneSimulator.Build.0 = Debug|Any CPU
		{17493038-CEEF-4995-B64B-B98E53CF0A5A}.Default|Any CPU.ActiveCfg = Debug|Any CPU
		{17493038-CEEF-4995-B64B-B98E53CF0A5A}.Default|Any CPU.Build.0 = Debug|Any CPU
		{17493038-CEEF-4995-B64B-B98E53CF0A5A}.Default|iPhone.ActiveCfg = Debug|Any CPU
		{17493038-CEEF-4995-B64B-B98E53CF0A5A}.Default|iPhone.Build.0 = Debug|Any CPU
		{17493038-CEEF-4995-B64B-B98E53CF0A5A}.Default|iPhone.Deploy.0 = Debug|Any CPU
		{17493038-CEEF-4995-B64B-B98E53CF0A5A}.Default|iPhoneSimulator.ActiveCfg = Debug|Any CPU
		{17493038-CEEF-4995-B64B-B98E53CF0A5A}.Default|iPhoneSimulator.Build.0 = Debug|Any CPU
		{17493038-CEEF-4995-B64B-B98E53CF0A5A}.Default|iPhoneSimulator.Deploy.0 = Debug|Any CPU
		{17493038-CEEF-4995-B64B-B98E53CF0A5A}.Release|Any CPU.ActiveCfg = Release|Any CPU
		{17493038-CEEF-4995-B64B-B98E53CF0A5A}.Release|Any CPU.Build.0 = Release|Any CPU
		{17493038-CEEF-4995-B64B-B98E53CF0A5A}.Release|iPhone.ActiveCfg = Release|Any CPU
		{17493038-CEEF-4995-B64B-B98E53CF0A5A}.Release|iPhone.Build.0 = Release|Any CPU
		{17493038-CEEF-4995-B64B-B98E53CF0A5A}.Release|iPhoneSimulator.ActiveCfg = Release|Any CPU
		{17493038-CEEF-4995-B64B-B98E53CF0A5A}.Release|iPhoneSimulator.Build.0 = Release|Any CPU
		{B6B331AE-B303-4C03-9CA4-75CBCB17A153}.Debug|Any CPU.ActiveCfg = Debug|Any CPU
		{B6B331AE-B303-4C03-9CA4-75CBCB17A153}.Debug|Any CPU.Build.0 = Debug|Any CPU
		{B6B331AE-B303-4C03-9CA4-75CBCB17A153}.Debug|iPhone.ActiveCfg = Debug|Any CPU
		{B6B331AE-B303-4C03-9CA4-75CBCB17A153}.Debug|iPhone.Build.0 = Debug|Any CPU
		{B6B331AE-B303-4C03-9CA4-75CBCB17A153}.Debug|iPhoneSimulator.ActiveCfg = Debug|Any CPU
		{B6B331AE-B303-4C03-9CA4-75CBCB17A153}.Debug|iPhoneSimulator.Build.0 = Debug|Any CPU
		{B6B331AE-B303-4C03-9CA4-75CBCB17A153}.Default|Any CPU.ActiveCfg = Debug|Any CPU
		{B6B331AE-B303-4C03-9CA4-75CBCB17A153}.Default|Any CPU.Build.0 = Debug|Any CPU
		{B6B331AE-B303-4C03-9CA4-75CBCB17A153}.Default|iPhone.ActiveCfg = Debug|Any CPU
		{B6B331AE-B303-4C03-9CA4-75CBCB17A153}.Default|iPhone.Build.0 = Debug|Any CPU
		{B6B331AE-B303-4C03-9CA4-75CBCB17A153}.Default|iPhoneSimulator.ActiveCfg = Debug|Any CPU
		{B6B331AE-B303-4C03-9CA4-75CBCB17A153}.Default|iPhoneSimulator.Build.0 = Debug|Any CPU
		{B6B331AE-B303-4C03-9CA4-75CBCB17A153}.Release|Any CPU.ActiveCfg = Release|Any CPU
		{B6B331AE-B303-4C03-9CA4-75CBCB17A153}.Release|Any CPU.Build.0 = Release|Any CPU
		{B6B331AE-B303-4C03-9CA4-75CBCB17A153}.Release|iPhone.ActiveCfg = Release|Any CPU
		{B6B331AE-B303-4C03-9CA4-75CBCB17A153}.Release|iPhone.Build.0 = Release|Any CPU
		{B6B331AE-B303-4C03-9CA4-75CBCB17A153}.Release|iPhoneSimulator.ActiveCfg = Release|Any CPU
		{B6B331AE-B303-4C03-9CA4-75CBCB17A153}.Release|iPhoneSimulator.Build.0 = Release|Any CPU
		{1ED7B2E9-BFDD-4483-A3DD-4C4982805D84}.Debug|Any CPU.ActiveCfg = Debug|Any CPU
		{1ED7B2E9-BFDD-4483-A3DD-4C4982805D84}.Debug|Any CPU.Build.0 = Debug|Any CPU
		{1ED7B2E9-BFDD-4483-A3DD-4C4982805D84}.Debug|iPhone.ActiveCfg = Debug|Any CPU
		{1ED7B2E9-BFDD-4483-A3DD-4C4982805D84}.Debug|iPhone.Build.0 = Debug|Any CPU
		{1ED7B2E9-BFDD-4483-A3DD-4C4982805D84}.Debug|iPhoneSimulator.ActiveCfg = Debug|Any CPU
		{1ED7B2E9-BFDD-4483-A3DD-4C4982805D84}.Debug|iPhoneSimulator.Build.0 = Debug|Any CPU
		{1ED7B2E9-BFDD-4483-A3DD-4C4982805D84}.Default|Any CPU.ActiveCfg = Debug|Any CPU
		{1ED7B2E9-BFDD-4483-A3DD-4C4982805D84}.Default|Any CPU.Build.0 = Debug|Any CPU
		{1ED7B2E9-BFDD-4483-A3DD-4C4982805D84}.Default|iPhone.ActiveCfg = Debug|Any CPU
		{1ED7B2E9-BFDD-4483-A3DD-4C4982805D84}.Default|iPhone.Build.0 = Debug|Any CPU
		{1ED7B2E9-BFDD-4483-A3DD-4C4982805D84}.Default|iPhoneSimulator.ActiveCfg = Debug|Any CPU
		{1ED7B2E9-BFDD-4483-A3DD-4C4982805D84}.Default|iPhoneSimulator.Build.0 = Debug|Any CPU
		{1ED7B2E9-BFDD-4483-A3DD-4C4982805D84}.Release|Any CPU.ActiveCfg = Release|Any CPU
		{1ED7B2E9-BFDD-4483-A3DD-4C4982805D84}.Release|Any CPU.Build.0 = Release|Any CPU
		{1ED7B2E9-BFDD-4483-A3DD-4C4982805D84}.Release|iPhone.ActiveCfg = Release|Any CPU
		{1ED7B2E9-BFDD-4483-A3DD-4C4982805D84}.Release|iPhone.Build.0 = Release|Any CPU
		{1ED7B2E9-BFDD-4483-A3DD-4C4982805D84}.Release|iPhoneSimulator.ActiveCfg = Release|Any CPU
		{1ED7B2E9-BFDD-4483-A3DD-4C4982805D84}.Release|iPhoneSimulator.Build.0 = Release|Any CPU
		{BDF078B5-1204-4DE2-903B-E84A36E18164}.Debug|Any CPU.ActiveCfg = Debug|Any CPU
		{BDF078B5-1204-4DE2-903B-E84A36E18164}.Debug|Any CPU.Build.0 = Debug|Any CPU
		{BDF078B5-1204-4DE2-903B-E84A36E18164}.Debug|iPhone.ActiveCfg = Debug|Any CPU
		{BDF078B5-1204-4DE2-903B-E84A36E18164}.Debug|iPhone.Build.0 = Debug|Any CPU
		{BDF078B5-1204-4DE2-903B-E84A36E18164}.Debug|iPhoneSimulator.ActiveCfg = Debug|Any CPU
		{BDF078B5-1204-4DE2-903B-E84A36E18164}.Debug|iPhoneSimulator.Build.0 = Debug|Any CPU
		{BDF078B5-1204-4DE2-903B-E84A36E18164}.Default|Any CPU.ActiveCfg = Debug|Any CPU
		{BDF078B5-1204-4DE2-903B-E84A36E18164}.Default|Any CPU.Build.0 = Debug|Any CPU
		{BDF078B5-1204-4DE2-903B-E84A36E18164}.Default|iPhone.ActiveCfg = Debug|Any CPU
		{BDF078B5-1204-4DE2-903B-E84A36E18164}.Default|iPhone.Build.0 = Debug|Any CPU
		{BDF078B5-1204-4DE2-903B-E84A36E18164}.Default|iPhoneSimulator.ActiveCfg = Debug|Any CPU
		{BDF078B5-1204-4DE2-903B-E84A36E18164}.Default|iPhoneSimulator.Build.0 = Debug|Any CPU
		{BDF078B5-1204-4DE2-903B-E84A36E18164}.Release|Any CPU.ActiveCfg = Release|Any CPU
		{BDF078B5-1204-4DE2-903B-E84A36E18164}.Release|Any CPU.Build.0 = Release|Any CPU
		{BDF078B5-1204-4DE2-903B-E84A36E18164}.Release|iPhone.ActiveCfg = Release|Any CPU
		{BDF078B5-1204-4DE2-903B-E84A36E18164}.Release|iPhone.Build.0 = Release|Any CPU
		{BDF078B5-1204-4DE2-903B-E84A36E18164}.Release|iPhoneSimulator.ActiveCfg = Release|Any CPU
		{BDF078B5-1204-4DE2-903B-E84A36E18164}.Release|iPhoneSimulator.Build.0 = Release|Any CPU
		{2BB9691D-1913-4B42-8A71-5A4841142E9F}.Debug|Any CPU.ActiveCfg = Debug|Any CPU
		{2BB9691D-1913-4B42-8A71-5A4841142E9F}.Debug|Any CPU.Build.0 = Debug|Any CPU
		{2BB9691D-1913-4B42-8A71-5A4841142E9F}.Debug|iPhone.ActiveCfg = Debug|Any CPU
		{2BB9691D-1913-4B42-8A71-5A4841142E9F}.Debug|iPhone.Build.0 = Debug|Any CPU
		{2BB9691D-1913-4B42-8A71-5A4841142E9F}.Debug|iPhoneSimulator.ActiveCfg = Debug|Any CPU
		{2BB9691D-1913-4B42-8A71-5A4841142E9F}.Debug|iPhoneSimulator.Build.0 = Debug|Any CPU
		{2BB9691D-1913-4B42-8A71-5A4841142E9F}.Default|Any CPU.ActiveCfg = Debug|Any CPU
		{2BB9691D-1913-4B42-8A71-5A4841142E9F}.Default|Any CPU.Build.0 = Debug|Any CPU
		{2BB9691D-1913-4B42-8A71-5A4841142E9F}.Default|iPhone.ActiveCfg = Debug|Any CPU
		{2BB9691D-1913-4B42-8A71-5A4841142E9F}.Default|iPhone.Build.0 = Debug|Any CPU
		{2BB9691D-1913-4B42-8A71-5A4841142E9F}.Default|iPhoneSimulator.ActiveCfg = Debug|Any CPU
		{2BB9691D-1913-4B42-8A71-5A4841142E9F}.Default|iPhoneSimulator.Build.0 = Debug|Any CPU
		{2BB9691D-1913-4B42-8A71-5A4841142E9F}.Release|Any CPU.ActiveCfg = Release|Any CPU
		{2BB9691D-1913-4B42-8A71-5A4841142E9F}.Release|Any CPU.Build.0 = Release|Any CPU
		{2BB9691D-1913-4B42-8A71-5A4841142E9F}.Release|iPhone.ActiveCfg = Release|Any CPU
		{2BB9691D-1913-4B42-8A71-5A4841142E9F}.Release|iPhone.Build.0 = Release|Any CPU
		{2BB9691D-1913-4B42-8A71-5A4841142E9F}.Release|iPhoneSimulator.ActiveCfg = Release|Any CPU
		{2BB9691D-1913-4B42-8A71-5A4841142E9F}.Release|iPhoneSimulator.Build.0 = Release|Any CPU
		{EFDC83AB-6979-4247-AA0E-4898F8F29923}.Debug|Any CPU.ActiveCfg = Debug|Any CPU
		{EFDC83AB-6979-4247-AA0E-4898F8F29923}.Debug|Any CPU.Build.0 = Debug|Any CPU
		{EFDC83AB-6979-4247-AA0E-4898F8F29923}.Debug|iPhone.ActiveCfg = Debug|Any CPU
		{EFDC83AB-6979-4247-AA0E-4898F8F29923}.Debug|iPhone.Build.0 = Debug|Any CPU
		{EFDC83AB-6979-4247-AA0E-4898F8F29923}.Debug|iPhoneSimulator.ActiveCfg = Debug|Any CPU
		{EFDC83AB-6979-4247-AA0E-4898F8F29923}.Debug|iPhoneSimulator.Build.0 = Debug|Any CPU
		{EFDC83AB-6979-4247-AA0E-4898F8F29923}.Default|Any CPU.ActiveCfg = Debug|Any CPU
		{EFDC83AB-6979-4247-AA0E-4898F8F29923}.Default|Any CPU.Build.0 = Debug|Any CPU
		{EFDC83AB-6979-4247-AA0E-4898F8F29923}.Default|iPhone.ActiveCfg = Debug|Any CPU
		{EFDC83AB-6979-4247-AA0E-4898F8F29923}.Default|iPhone.Build.0 = Debug|Any CPU
		{EFDC83AB-6979-4247-AA0E-4898F8F29923}.Default|iPhoneSimulator.ActiveCfg = Debug|Any CPU
		{EFDC83AB-6979-4247-AA0E-4898F8F29923}.Default|iPhoneSimulator.Build.0 = Debug|Any CPU
		{EFDC83AB-6979-4247-AA0E-4898F8F29923}.Release|Any CPU.ActiveCfg = Release|Any CPU
		{EFDC83AB-6979-4247-AA0E-4898F8F29923}.Release|Any CPU.Build.0 = Release|Any CPU
		{EFDC83AB-6979-4247-AA0E-4898F8F29923}.Release|iPhone.ActiveCfg = Release|Any CPU
		{EFDC83AB-6979-4247-AA0E-4898F8F29923}.Release|iPhone.Build.0 = Release|Any CPU
		{EFDC83AB-6979-4247-AA0E-4898F8F29923}.Release|iPhoneSimulator.ActiveCfg = Release|Any CPU
		{EFDC83AB-6979-4247-AA0E-4898F8F29923}.Release|iPhoneSimulator.Build.0 = Release|Any CPU
	EndGlobalSection
	GlobalSection(SolutionProperties) = preSolution
		HideSolutionNode = FALSE
	EndGlobalSection
	GlobalSection(ExtensibilityGlobals) = postSolution
		SolutionGuid = {20C13480-1A3C-477D-88EB-5DC0A6F1F860}
	EndGlobalSection
EndGlobal
